
Microsoft Visual Studio Solution File, Format Version 12.00
# Visual Studio Version 17
VisualStudioVersion = 17.8.34511.84
MinimumVisualStudioVersion = 10.0.40219.1
Project("{FAE04EC0-301F-11D3-BF4B-00C04F79EFBC}") = "QuartzNetMailScheduler", "QuartzNetMailScheduler\QuartzNetMailScheduler.csproj", "{624A25C8-A6F4-49EF-A91C-B03455BA9DAC}"
EndProject
Global
	GlobalSection(SolutionConfigurationPlatforms) = preSolution
		Debug|Any CPU = Debug|Any CPU
		Release|Any CPU = Release|Any CPU
	EndGlobalSection
	GlobalSection(ProjectConfigurationPlatforms) = postSolution
		{624A25C8-A6F4-49EF-A91C-B03455BA9DAC}.Debug|Any CPU.ActiveCfg = Debug|Any CPU
		{624A25C8-A6F4-49EF-A91C-B03455BA9DAC}.Debug|Any CPU.Build.0 = Debug|Any CPU
		{624A25C8-A6F4-49EF-A91C-B03455BA9DAC}.Release|Any CPU.ActiveCfg = Release|Any CPU
		{624A25C8-A6F4-49EF-A91C-B03455BA9DAC}.Release|Any CPU.Build.0 = Release|Any CPU
	EndGlobalSection
	GlobalSection(SolutionProperties) = preSolution
		HideSolutionNode = FALSE
	EndGlobalSection
	GlobalSection(ExtensibilityGlobals) = postSolution
		SolutionGuid = {8F405674-D0BE-4687-A7C2-40AFBF138EE9}
	EndGlobalSection
EndGlobal
